// !$*UTF8*$!
{
	archiveVersion = 1;
	classes = {
	};
	objectVersion = 52;
	objects = {

/* Begin PBXBuildFile section */
		EA00C2172667E4F8001EED8D /* Assets.xcassets in Resources */ = {isa = PBXBuildFile; fileRef = EA00C2162667E4F8001EED8D /* Assets.xcassets */; };
		EA00C21A2667E4F8001EED8D /* Preview Assets.xcassets in Resources */ = {isa = PBXBuildFile; fileRef = EA00C2192667E4F8001EED8D /* Preview Assets.xcassets */; };
		EA00C21D2667E4F8001EED8D /* LaunchScreen.storyboard in Resources */ = {isa = PBXBuildFile; fileRef = EA00C21B2667E4F8001EED8D /* LaunchScreen.storyboard */; };
		EA00C2282667E4F8001EED8D /* PureduxDemoTests.swift in Sources */ = {isa = PBXBuildFile; fileRef = EA00C2272667E4F8001EED8D /* PureduxDemoTests.swift */; };
		EA00C2332667E4F9001EED8D /* PureduxDemoUITests.swift in Sources */ = {isa = PBXBuildFile; fileRef = EA00C2322667E4F9001EED8D /* PureduxDemoUITests.swift */; };
		EA00C28F2667E596001EED8D /* AppState.swift in Sources */ = {isa = PBXBuildFile; fileRef = EA00C24C2667E596001EED8D /* AppState.swift */; };
		EA00C2902667E596001EED8D /* AppStateConfig.swift in Sources */ = {isa = PBXBuildFile; fileRef = EA00C24D2667E596001EED8D /* AppStateConfig.swift */; };
		EA00C2912667E596001EED8D /* AppEnvironment.swift in Sources */ = {isa = PBXBuildFile; fileRef = EA00C24E2667E596001EED8D /* AppEnvironment.swift */; };
		EA00C2922667E596001EED8D /* CurrentTime.swift in Sources */ = {isa = PBXBuildFile; fileRef = EA00C2502667E596001EED8D /* CurrentTime.swift */; };
		EA00C2942667E597001EED8D /* Storage.swift in Sources */ = {isa = PBXBuildFile; fileRef = EA00C2532667E596001EED8D /* Storage.swift */; };
		EA00C2962667E597001EED8D /* ModelSchema.swift in Sources */ = {isa = PBXBuildFile; fileRef = EA00C2552667E596001EED8D /* ModelSchema.swift */; };
		EA00C2982667E597001EED8D /* Time.swift in Sources */ = {isa = PBXBuildFile; fileRef = EA00C2582667E596001EED8D /* Time.swift */; };
		EA00C29B2667E597001EED8D /* Action.swift in Sources */ = {isa = PBXBuildFile; fileRef = EA00C25B2667E596001EED8D /* Action.swift */; };
		EA00C2A32667E597001EED8D /* ScreenViews.swift in Sources */ = {isa = PBXBuildFile; fileRef = EA00C26B2667E596001EED8D /* ScreenViews.swift */; };
		EA00C2A42667E597001EED8D /* ScreenViewFactoryKey.swift in Sources */ = {isa = PBXBuildFile; fileRef = EA00C26C2667E596001EED8D /* ScreenViewFactoryKey.swift */; };
		EA00C2A52667E597001EED8D /* ScreenViewFactory.swift in Sources */ = {isa = PBXBuildFile; fileRef = EA00C26D2667E596001EED8D /* ScreenViewFactory.swift */; };
		EA00C2AA2667E597001EED8D /* AppUITheme.swift in Sources */ = {isa = PBXBuildFile; fileRef = EA00C2762667E596001EED8D /* AppUITheme.swift */; };
		EA00C2AB2667E597001EED8D /* AppUIThemeKey.swift in Sources */ = {isa = PBXBuildFile; fileRef = EA00C2772667E596001EED8D /* AppUIThemeKey.swift */; };
		EA00C2AC2667E597001EED8D /* ViewStoreExtensions.swift in Sources */ = {isa = PBXBuildFile; fileRef = EA00C2792667E596001EED8D /* ViewStoreExtensions.swift */; };
		EA00C2AD2667E597001EED8D /* Command.swift in Sources */ = {isa = PBXBuildFile; fileRef = EA00C27A2667E596001EED8D /* Command.swift */; };
		EA00C2AE2667E597001EED8D /* View+AnyView.swift in Sources */ = {isa = PBXBuildFile; fileRef = EA00C27B2667E596001EED8D /* View+AnyView.swift */; };
		EA00C2AF2667E597001EED8D /* AppLauncher.swift in Sources */ = {isa = PBXBuildFile; fileRef = EA00C27D2667E596001EED8D /* AppLauncher.swift */; };
		EA00C2B12667E597001EED8D /* AppDelegate.swift in Sources */ = {isa = PBXBuildFile; fileRef = EA00C2802667E596001EED8D /* AppDelegate.swift */; };
		EA00C2B22667E597001EED8D /* SceneDelegate.swift in Sources */ = {isa = PBXBuildFile; fileRef = EA00C2812667E596001EED8D /* SceneDelegate.swift */; };
		EA00C2B32667E597001EED8D /* TimeEventsSideEffects.swift in Sources */ = {isa = PBXBuildFile; fileRef = EA00C2832667E596001EED8D /* TimeEventsSideEffects.swift */; };
		EA00C2B62667E597001EED8D /* Color+hex.swift in Sources */ = {isa = PBXBuildFile; fileRef = EA00C2882667E596001EED8D /* Color+hex.swift */; };
		EA00C2B72667E597001EED8D /* DarkHostingController.swift in Sources */ = {isa = PBXBuildFile; fileRef = EA00C2892667E596001EED8D /* DarkHostingController.swift */; };
		EA00C2CC2667E623001EED8D /* Puredux in Frameworks */ = {isa = PBXBuildFile; productRef = EA00C2CB2667E623001EED8D /* Puredux */; };
		EA00C2D22667E640001EED8D /* PureduxSwiftUI in Frameworks */ = {isa = PBXBuildFile; productRef = EA00C2D12667E640001EED8D /* PureduxSwiftUI */; };
		EAE4B4212668F55E0005ACD2 /* swiftgen.yml in Resources */ = {isa = PBXBuildFile; fileRef = EAE4B41F2668F55E0005ACD2 /* swiftgen.yml */; };
		EAE4B4222668F55E0005ACD2 /* runswiftgen.sh in Resources */ = {isa = PBXBuildFile; fileRef = EAE4B4202668F55E0005ACD2 /* runswiftgen.sh */; };
		EAE4B4972668F7B40005ACD2 /* Localizable.strings in Resources */ = {isa = PBXBuildFile; fileRef = EAE4B4992668F7B40005ACD2 /* Localizable.strings */; };
		EAE4B4B32668F86E0005ACD2 /* Strings+Generated.swift in Sources */ = {isa = PBXBuildFile; fileRef = EAE4B4B12668F86E0005ACD2 /* Strings+Generated.swift */; };
		EAE4B4B42668F86E0005ACD2 /* Assets+Generated.swift in Sources */ = {isa = PBXBuildFile; fileRef = EAE4B4B22668F86E0005ACD2 /* Assets+Generated.swift */; };
		EAE4B5302668FC4F0005ACD2 /* swiftlint in Resources */ = {isa = PBXBuildFile; fileRef = EAE4B52E2668FC4F0005ACD2 /* swiftlint */; };
		EAE4B5312668FC4F0005ACD2 /* LICENSE in Resources */ = {isa = PBXBuildFile; fileRef = EAE4B52F2668FC4F0005ACD2 /* LICENSE */; };
		EAE4B53B2668FE880005ACD2 /* swiftlint-ci.yml in Resources */ = {isa = PBXBuildFile; fileRef = EAE4B5392668FE880005ACD2 /* swiftlint-ci.yml */; };
		EAE4B53C2668FE880005ACD2 /* swiftlint.yml in Resources */ = {isa = PBXBuildFile; fileRef = EAE4B53A2668FE880005ACD2 /* swiftlint.yml */; };
		EAE4B58326690A850005ACD2 /* AuthTitle.swift in Sources */ = {isa = PBXBuildFile; fileRef = EAE4B58226690A850005ACD2 /* AuthTitle.swift */; };
		EAE4B58C26690EAB0005ACD2 /* UIColor+hex.swift in Sources */ = {isa = PBXBuildFile; fileRef = EAE4B58B26690EAB0005ACD2 /* UIColor+hex.swift */; };
		EAE4B59526690F130005ACD2 /* ThemeColors.swift in Sources */ = {isa = PBXBuildFile; fileRef = EAE4B59426690F130005ACD2 /* ThemeColors.swift */; };
		EAE4B59B266917120005ACD2 /* ComponentsStyles.swift in Sources */ = {isa = PBXBuildFile; fileRef = EAE4B59A266917120005ACD2 /* ComponentsStyles.swift */; };
		EAE4B5A326691A3B0005ACD2 /* ThemeFonts.swift in Sources */ = {isa = PBXBuildFile; fileRef = EAE4B5A226691A3B0005ACD2 /* ThemeFonts.swift */; };
		EAE4B5A82669203D0005ACD2 /* ThemePaddings.swift in Sources */ = {isa = PBXBuildFile; fileRef = EAE4B5A72669203D0005ACD2 /* ThemePaddings.swift */; };
		EAE4B5AD266925BF0005ACD2 /* AuthTextField.swift in Sources */ = {isa = PBXBuildFile; fileRef = EAE4B5AC266925BF0005ACD2 /* AuthTextField.swift */; };
		EAE4B5B2266926790005ACD2 /* View+Placeholder.swift in Sources */ = {isa = PBXBuildFile; fileRef = EAE4B5B1266926790005ACD2 /* View+Placeholder.swift */; };
		EAE4B5B726692CAD0005ACD2 /* ThemeSizes.swift in Sources */ = {isa = PBXBuildFile; fileRef = EAE4B5B626692CAD0005ACD2 /* ThemeSizes.swift */; };
		EAE4B5BC266939CD0005ACD2 /* AuthSecuredTextField.swift in Sources */ = {isa = PBXBuildFile; fileRef = EAE4B5BB266939CD0005ACD2 /* AuthSecuredTextField.swift */; };
		EAE4B5CB26693C820005ACD2 /* CustomTextField.swift in Sources */ = {isa = PBXBuildFile; fileRef = EAE4B5C0266939E10005ACD2 /* CustomTextField.swift */; };
		EAE4B5D9266E50E00005ACD2 /* LoginView.swift in Sources */ = {isa = PBXBuildFile; fileRef = EAE4B5D8266E50E00005ACD2 /* LoginView.swift */; };
		EAE4B5E1266E50EA0005ACD2 /* LoginPresenter.swift in Sources */ = {isa = PBXBuildFile; fileRef = EAE4B5E0266E50EA0005ACD2 /* LoginPresenter.swift */; };
		EAE4B5EA266E51460005ACD2 /* ActionButton.swift in Sources */ = {isa = PBXBuildFile; fileRef = EAE4B5E9266E51460005ACD2 /* ActionButton.swift */; };
		EAE4B5EF266E5AB20005ACD2 /* View+KeyboardAdaptive.swift in Sources */ = {isa = PBXBuildFile; fileRef = EAE4B5EE266E5AB20005ACD2 /* View+KeyboardAdaptive.swift */; };
		EAE4B5F7266E5B230005ACD2 /* KeyboardHeightPublisher.swift in Sources */ = {isa = PBXBuildFile; fileRef = EAE4B5F6266E5B230005ACD2 /* KeyboardHeightPublisher.swift */; };
		EAE4B608266E61A40005ACD2 /* MovieListItem.swift in Sources */ = {isa = PBXBuildFile; fileRef = EAE4B607266E61A40005ACD2 /* MovieListItem.swift */; };
		EAE4B61A266E642E0005ACD2 /* MoviesListView.swift in Sources */ = {isa = PBXBuildFile; fileRef = EAE4B619266E642E0005ACD2 /* MoviesListView.swift */; };
		EAE4B620266E64AC0005ACD2 /* IdentifiableItem.swift in Sources */ = {isa = PBXBuildFile; fileRef = EAE4B61F266E64AC0005ACD2 /* IdentifiableItem.swift */; };
		EAE4B635266E753B0005ACD2 /* Client.swift in Sources */ = {isa = PBXBuildFile; fileRef = EAE4B634266E753B0005ACD2 /* Client.swift */; };
		EAE4B640266E76DE0005ACD2 /* Request.swift in Sources */ = {isa = PBXBuildFile; fileRef = EAE4B63F266E76DE0005ACD2 /* Request.swift */; };
		EAE4B648266E76F10005ACD2 /* Response.swift in Sources */ = {isa = PBXBuildFile; fileRef = EAE4B647266E76F10005ACD2 /* Response.swift */; };
		EAE4B64D266E77B60005ACD2 /* Errors.swift in Sources */ = {isa = PBXBuildFile; fileRef = EAE4B64C266E77B60005ACD2 /* Errors.swift */; };
		EAE4B653266E7DBF0005ACD2 /* ErrorResponse.swift in Sources */ = {isa = PBXBuildFile; fileRef = EAE4B652266E7DBF0005ACD2 /* ErrorResponse.swift */; };
		EAE4B65B266E7DCA0005ACD2 /* SuccessResponse.swift in Sources */ = {isa = PBXBuildFile; fileRef = EAE4B65A266E7DCA0005ACD2 /* SuccessResponse.swift */; };
		EAE4B660266E81600005ACD2 /* Coder.swift in Sources */ = {isa = PBXBuildFile; fileRef = EAE4B65F266E81600005ACD2 /* Coder.swift */; };
		EAE4B669266F6C0A0005ACD2 /* Auth.swift in Sources */ = {isa = PBXBuildFile; fileRef = EAE4B668266F6C0A0005ACD2 /* Auth.swift */; };
		EAE4B671266F6C910005ACD2 /* TokenResponse.swift in Sources */ = {isa = PBXBuildFile; fileRef = EAE4B670266F6C910005ACD2 /* TokenResponse.swift */; };
		EAE4B67A266F737B0005ACD2 /* SessionResponse.swift in Sources */ = {isa = PBXBuildFile; fileRef = EAE4B679266F737B0005ACD2 /* SessionResponse.swift */; };
		EAE4B680266F73F10005ACD2 /* CreateSession.swift in Sources */ = {isa = PBXBuildFile; fileRef = EAE4B67F266F73F10005ACD2 /* CreateSession.swift */; };
		EAE4B688266F76020005ACD2 /* Discover.swift in Sources */ = {isa = PBXBuildFile; fileRef = EAE4B687266F76020005ACD2 /* Discover.swift */; };
		EAE4B68D266F77690005ACD2 /* PaginatedResponse.swift in Sources */ = {isa = PBXBuildFile; fileRef = EAE4B68C266F77690005ACD2 /* PaginatedResponse.swift */; };
		EAE4B692266F77EE0005ACD2 /* MovieResponse.swift in Sources */ = {isa = PBXBuildFile; fileRef = EAE4B691266F77EE0005ACD2 /* MovieResponse.swift */; };
		EAE4B6B4266F7C0A0005ACD2 /* LoginState.swift in Sources */ = {isa = PBXBuildFile; fileRef = EAE4B6B3266F7C0A0005ACD2 /* LoginState.swift */; };
		EAE4B6BC266F7D3E0005ACD2 /* PickCredentials.swift in Sources */ = {isa = PBXBuildFile; fileRef = EAE4B6BB266F7D3E0005ACD2 /* PickCredentials.swift */; };
		EAE4B6C4266F83E10005ACD2 /* SessionRequestToken.swift in Sources */ = {isa = PBXBuildFile; fileRef = EAE4B6C3266F83E10005ACD2 /* SessionRequestToken.swift */; };
		EAE4B6C9266F86730005ACD2 /* AuthActions.swift in Sources */ = {isa = PBXBuildFile; fileRef = EAE4B6C8266F86730005ACD2 /* AuthActions.swift */; };
		EAE4B6CE266F87910005ACD2 /* Session.swift in Sources */ = {isa = PBXBuildFile; fileRef = EAE4B6CD266F87910005ACD2 /* Session.swift */; };
		EAE4B6D9266F8EE70005ACD2 /* AuthState.swift in Sources */ = {isa = PBXBuildFile; fileRef = EAE4B6D8266F8EE70005ACD2 /* AuthState.swift */; };
		EAE4B6FA266F9B700005ACD2 /* FlowView.swift in Sources */ = {isa = PBXBuildFile; fileRef = EAE4B6F9266F9B700005ACD2 /* FlowView.swift */; };
		EAE4B703266F9CBF0005ACD2 /* AuthFlowPresenter.swift in Sources */ = {isa = PBXBuildFile; fileRef = EAE4B702266F9CBF0005ACD2 /* AuthFlowPresenter.swift */; };
		EAEE43842667F1C800F2C5FD /* PureduxCommonCore in Frameworks */ = {isa = PBXBuildFile; productRef = EAEE43832667F1C800F2C5FD /* PureduxCommonCore */; };
		EAEE438A2667F64F00F2C5FD /* PureduxCommonOperators in Frameworks */ = {isa = PBXBuildFile; productRef = EAEE43892667F64F00F2C5FD /* PureduxCommonOperators */; };
/* End PBXBuildFile section */

/* Begin PBXContainerItemProxy section */
		EA00C2242667E4F8001EED8D /* PBXContainerItemProxy */ = {
			isa = PBXContainerItemProxy;
			containerPortal = EA00C2052667E4F6001EED8D /* Project object */;
			proxyType = 1;
			remoteGlobalIDString = EA00C20C2667E4F6001EED8D;
			remoteInfo = PureduxDemo;
		};
		EA00C22F2667E4F9001EED8D /* PBXContainerItemProxy */ = {
			isa = PBXContainerItemProxy;
			containerPortal = EA00C2052667E4F6001EED8D /* Project object */;
			proxyType = 1;
			remoteGlobalIDString = EA00C20C2667E4F6001EED8D;
			remoteInfo = PureduxDemo;
		};
/* End PBXContainerItemProxy section */

/* Begin PBXFileReference section */
		EA00C20D2667E4F6001EED8D /* PureduxDemo.app */ = {isa = PBXFileReference; explicitFileType = wrapper.application; includeInIndex = 0; path = PureduxDemo.app; sourceTree = BUILT_PRODUCTS_DIR; };
		EA00C2162667E4F8001EED8D /* Assets.xcassets */ = {isa = PBXFileReference; lastKnownFileType = folder.assetcatalog; path = Assets.xcassets; sourceTree = "<group>"; };
		EA00C2192667E4F8001EED8D /* Preview Assets.xcassets */ = {isa = PBXFileReference; lastKnownFileType = folder.assetcatalog; path = "Preview Assets.xcassets"; sourceTree = "<group>"; };
		EA00C21C2667E4F8001EED8D /* Base */ = {isa = PBXFileReference; lastKnownFileType = file.storyboard; name = Base; path = Base.lproj/LaunchScreen.storyboard; sourceTree = "<group>"; };
		EA00C21E2667E4F8001EED8D /* Info.plist */ = {isa = PBXFileReference; lastKnownFileType = text.plist.xml; path = Info.plist; sourceTree = "<group>"; };
		EA00C2232667E4F8001EED8D /* PureduxDemoTests.xctest */ = {isa = PBXFileReference; explicitFileType = wrapper.cfbundle; includeInIndex = 0; path = PureduxDemoTests.xctest; sourceTree = BUILT_PRODUCTS_DIR; };
		EA00C2272667E4F8001EED8D /* PureduxDemoTests.swift */ = {isa = PBXFileReference; lastKnownFileType = sourcecode.swift; path = PureduxDemoTests.swift; sourceTree = "<group>"; };
		EA00C2292667E4F8001EED8D /* Info.plist */ = {isa = PBXFileReference; lastKnownFileType = text.plist.xml; path = Info.plist; sourceTree = "<group>"; };
		EA00C22E2667E4F9001EED8D /* PureduxDemoUITests.xctest */ = {isa = PBXFileReference; explicitFileType = wrapper.cfbundle; includeInIndex = 0; path = PureduxDemoUITests.xctest; sourceTree = BUILT_PRODUCTS_DIR; };
		EA00C2322667E4F9001EED8D /* PureduxDemoUITests.swift */ = {isa = PBXFileReference; lastKnownFileType = sourcecode.swift; path = PureduxDemoUITests.swift; sourceTree = "<group>"; };
		EA00C2342667E4F9001EED8D /* Info.plist */ = {isa = PBXFileReference; lastKnownFileType = text.plist.xml; path = Info.plist; sourceTree = "<group>"; };
		EA00C24C2667E596001EED8D /* AppState.swift */ = {isa = PBXFileReference; fileEncoding = 4; lastKnownFileType = sourcecode.swift; path = AppState.swift; sourceTree = "<group>"; };
		EA00C24D2667E596001EED8D /* AppStateConfig.swift */ = {isa = PBXFileReference; fileEncoding = 4; lastKnownFileType = sourcecode.swift; path = AppStateConfig.swift; sourceTree = "<group>"; };
		EA00C24E2667E596001EED8D /* AppEnvironment.swift */ = {isa = PBXFileReference; fileEncoding = 4; lastKnownFileType = sourcecode.swift; path = AppEnvironment.swift; sourceTree = "<group>"; };
		EA00C2502667E596001EED8D /* CurrentTime.swift */ = {isa = PBXFileReference; fileEncoding = 4; lastKnownFileType = sourcecode.swift; path = CurrentTime.swift; sourceTree = "<group>"; };
		EA00C2532667E596001EED8D /* Storage.swift */ = {isa = PBXFileReference; fileEncoding = 4; lastKnownFileType = sourcecode.swift; path = Storage.swift; sourceTree = "<group>"; };
		EA00C2552667E596001EED8D /* ModelSchema.swift */ = {isa = PBXFileReference; fileEncoding = 4; lastKnownFileType = sourcecode.swift; path = ModelSchema.swift; sourceTree = "<group>"; };
		EA00C2582667E596001EED8D /* Time.swift */ = {isa = PBXFileReference; fileEncoding = 4; lastKnownFileType = sourcecode.swift; path = Time.swift; sourceTree = "<group>"; };
		EA00C25B2667E596001EED8D /* Action.swift */ = {isa = PBXFileReference; fileEncoding = 4; lastKnownFileType = sourcecode.swift; path = Action.swift; sourceTree = "<group>"; };
		EA00C26B2667E596001EED8D /* ScreenViews.swift */ = {isa = PBXFileReference; fileEncoding = 4; lastKnownFileType = sourcecode.swift; path = ScreenViews.swift; sourceTree = "<group>"; };
		EA00C26C2667E596001EED8D /* ScreenViewFactoryKey.swift */ = {isa = PBXFileReference; fileEncoding = 4; lastKnownFileType = sourcecode.swift; path = ScreenViewFactoryKey.swift; sourceTree = "<group>"; };
		EA00C26D2667E596001EED8D /* ScreenViewFactory.swift */ = {isa = PBXFileReference; fileEncoding = 4; lastKnownFileType = sourcecode.swift; path = ScreenViewFactory.swift; sourceTree = "<group>"; };
		EA00C2762667E596001EED8D /* AppUITheme.swift */ = {isa = PBXFileReference; fileEncoding = 4; lastKnownFileType = sourcecode.swift; path = AppUITheme.swift; sourceTree = "<group>"; };
		EA00C2772667E596001EED8D /* AppUIThemeKey.swift */ = {isa = PBXFileReference; fileEncoding = 4; lastKnownFileType = sourcecode.swift; path = AppUIThemeKey.swift; sourceTree = "<group>"; };
		EA00C2792667E596001EED8D /* ViewStoreExtensions.swift */ = {isa = PBXFileReference; fileEncoding = 4; lastKnownFileType = sourcecode.swift; path = ViewStoreExtensions.swift; sourceTree = "<group>"; };
		EA00C27A2667E596001EED8D /* Command.swift */ = {isa = PBXFileReference; fileEncoding = 4; lastKnownFileType = sourcecode.swift; path = Command.swift; sourceTree = "<group>"; };
		EA00C27B2667E596001EED8D /* View+AnyView.swift */ = {isa = PBXFileReference; fileEncoding = 4; lastKnownFileType = sourcecode.swift; path = "View+AnyView.swift"; sourceTree = "<group>"; };
		EA00C27D2667E596001EED8D /* AppLauncher.swift */ = {isa = PBXFileReference; fileEncoding = 4; lastKnownFileType = sourcecode.swift; path = AppLauncher.swift; sourceTree = "<group>"; };
		EA00C2802667E596001EED8D /* AppDelegate.swift */ = {isa = PBXFileReference; fileEncoding = 4; lastKnownFileType = sourcecode.swift; path = AppDelegate.swift; sourceTree = "<group>"; };
		EA00C2812667E596001EED8D /* SceneDelegate.swift */ = {isa = PBXFileReference; fileEncoding = 4; lastKnownFileType = sourcecode.swift; path = SceneDelegate.swift; sourceTree = "<group>"; };
		EA00C2832667E596001EED8D /* TimeEventsSideEffects.swift */ = {isa = PBXFileReference; fileEncoding = 4; lastKnownFileType = sourcecode.swift; path = TimeEventsSideEffects.swift; sourceTree = "<group>"; };
		EA00C2882667E596001EED8D /* Color+hex.swift */ = {isa = PBXFileReference; fileEncoding = 4; lastKnownFileType = sourcecode.swift; path = "Color+hex.swift"; sourceTree = "<group>"; };
		EA00C2892667E596001EED8D /* DarkHostingController.swift */ = {isa = PBXFileReference; fileEncoding = 4; lastKnownFileType = sourcecode.swift; path = DarkHostingController.swift; sourceTree = "<group>"; };
		EAE4B41F2668F55E0005ACD2 /* swiftgen.yml */ = {isa = PBXFileReference; fileEncoding = 4; lastKnownFileType = text.yaml; path = swiftgen.yml; sourceTree = "<group>"; };
		EAE4B4202668F55E0005ACD2 /* runswiftgen.sh */ = {isa = PBXFileReference; fileEncoding = 4; lastKnownFileType = text.script.sh; path = runswiftgen.sh; sourceTree = "<group>"; };
		EAE4B4982668F7B40005ACD2 /* en */ = {isa = PBXFileReference; lastKnownFileType = text.plist.strings; name = en; path = en.lproj/Localizable.strings; sourceTree = "<group>"; };
		EAE4B4B12668F86E0005ACD2 /* Strings+Generated.swift */ = {isa = PBXFileReference; fileEncoding = 4; lastKnownFileType = sourcecode.swift; path = "Strings+Generated.swift"; sourceTree = "<group>"; };
		EAE4B4B22668F86E0005ACD2 /* Assets+Generated.swift */ = {isa = PBXFileReference; fileEncoding = 4; lastKnownFileType = sourcecode.swift; path = "Assets+Generated.swift"; sourceTree = "<group>"; };
		EAE4B52E2668FC4F0005ACD2 /* swiftlint */ = {isa = PBXFileReference; lastKnownFileType = "compiled.mach-o.executable"; path = swiftlint; sourceTree = "<group>"; };
		EAE4B52F2668FC4F0005ACD2 /* LICENSE */ = {isa = PBXFileReference; fileEncoding = 4; lastKnownFileType = text; path = LICENSE; sourceTree = "<group>"; };
		EAE4B5392668FE880005ACD2 /* swiftlint-ci.yml */ = {isa = PBXFileReference; fileEncoding = 4; lastKnownFileType = text.yaml; path = "swiftlint-ci.yml"; sourceTree = "<group>"; };
		EAE4B53A2668FE880005ACD2 /* swiftlint.yml */ = {isa = PBXFileReference; fileEncoding = 4; lastKnownFileType = text.yaml; path = swiftlint.yml; sourceTree = "<group>"; };
		EAE4B58226690A850005ACD2 /* AuthTitle.swift */ = {isa = PBXFileReference; lastKnownFileType = sourcecode.swift; path = AuthTitle.swift; sourceTree = "<group>"; };
		EAE4B58B26690EAB0005ACD2 /* UIColor+hex.swift */ = {isa = PBXFileReference; lastKnownFileType = sourcecode.swift; path = "UIColor+hex.swift"; sourceTree = "<group>"; };
		EAE4B59426690F130005ACD2 /* ThemeColors.swift */ = {isa = PBXFileReference; lastKnownFileType = sourcecode.swift; path = ThemeColors.swift; sourceTree = "<group>"; };
		EAE4B59A266917120005ACD2 /* ComponentsStyles.swift */ = {isa = PBXFileReference; lastKnownFileType = sourcecode.swift; path = ComponentsStyles.swift; sourceTree = "<group>"; };
		EAE4B5A226691A3B0005ACD2 /* ThemeFonts.swift */ = {isa = PBXFileReference; lastKnownFileType = sourcecode.swift; path = ThemeFonts.swift; sourceTree = "<group>"; };
		EAE4B5A72669203D0005ACD2 /* ThemePaddings.swift */ = {isa = PBXFileReference; lastKnownFileType = sourcecode.swift; path = ThemePaddings.swift; sourceTree = "<group>"; };
		EAE4B5AC266925BF0005ACD2 /* AuthTextField.swift */ = {isa = PBXFileReference; lastKnownFileType = sourcecode.swift; path = AuthTextField.swift; sourceTree = "<group>"; };
		EAE4B5B1266926790005ACD2 /* View+Placeholder.swift */ = {isa = PBXFileReference; lastKnownFileType = sourcecode.swift; path = "View+Placeholder.swift"; sourceTree = "<group>"; };
		EAE4B5B626692CAD0005ACD2 /* ThemeSizes.swift */ = {isa = PBXFileReference; lastKnownFileType = sourcecode.swift; path = ThemeSizes.swift; sourceTree = "<group>"; };
		EAE4B5BB266939CD0005ACD2 /* AuthSecuredTextField.swift */ = {isa = PBXFileReference; lastKnownFileType = sourcecode.swift; path = AuthSecuredTextField.swift; sourceTree = "<group>"; };
		EAE4B5C0266939E10005ACD2 /* CustomTextField.swift */ = {isa = PBXFileReference; lastKnownFileType = sourcecode.swift; path = CustomTextField.swift; sourceTree = "<group>"; };
		EAE4B5D8266E50E00005ACD2 /* LoginView.swift */ = {isa = PBXFileReference; lastKnownFileType = sourcecode.swift; path = LoginView.swift; sourceTree = "<group>"; };
		EAE4B5E0266E50EA0005ACD2 /* LoginPresenter.swift */ = {isa = PBXFileReference; lastKnownFileType = sourcecode.swift; path = LoginPresenter.swift; sourceTree = "<group>"; };
		EAE4B5E9266E51460005ACD2 /* ActionButton.swift */ = {isa = PBXFileReference; lastKnownFileType = sourcecode.swift; path = ActionButton.swift; sourceTree = "<group>"; };
		EAE4B5EE266E5AB20005ACD2 /* View+KeyboardAdaptive.swift */ = {isa = PBXFileReference; lastKnownFileType = sourcecode.swift; path = "View+KeyboardAdaptive.swift"; sourceTree = "<group>"; };
		EAE4B5F6266E5B230005ACD2 /* KeyboardHeightPublisher.swift */ = {isa = PBXFileReference; lastKnownFileType = sourcecode.swift; path = KeyboardHeightPublisher.swift; sourceTree = "<group>"; };
		EAE4B607266E61A40005ACD2 /* MovieListItem.swift */ = {isa = PBXFileReference; lastKnownFileType = sourcecode.swift; path = MovieListItem.swift; sourceTree = "<group>"; };
		EAE4B619266E642E0005ACD2 /* MoviesListView.swift */ = {isa = PBXFileReference; lastKnownFileType = sourcecode.swift; path = MoviesListView.swift; sourceTree = "<group>"; };
		EAE4B61F266E64AC0005ACD2 /* IdentifiableItem.swift */ = {isa = PBXFileReference; lastKnownFileType = sourcecode.swift; path = IdentifiableItem.swift; sourceTree = "<group>"; };
		EAE4B634266E753B0005ACD2 /* Client.swift */ = {isa = PBXFileReference; lastKnownFileType = sourcecode.swift; path = Client.swift; sourceTree = "<group>"; };
		EAE4B63F266E76DE0005ACD2 /* Request.swift */ = {isa = PBXFileReference; lastKnownFileType = sourcecode.swift; path = Request.swift; sourceTree = "<group>"; };
		EAE4B647266E76F10005ACD2 /* Response.swift */ = {isa = PBXFileReference; lastKnownFileType = sourcecode.swift; path = Response.swift; sourceTree = "<group>"; };
		EAE4B64C266E77B60005ACD2 /* Errors.swift */ = {isa = PBXFileReference; lastKnownFileType = sourcecode.swift; path = Errors.swift; sourceTree = "<group>"; };
		EAE4B652266E7DBF0005ACD2 /* ErrorResponse.swift */ = {isa = PBXFileReference; lastKnownFileType = sourcecode.swift; path = ErrorResponse.swift; sourceTree = "<group>"; };
		EAE4B65A266E7DCA0005ACD2 /* SuccessResponse.swift */ = {isa = PBXFileReference; lastKnownFileType = sourcecode.swift; path = SuccessResponse.swift; sourceTree = "<group>"; };
		EAE4B65F266E81600005ACD2 /* Coder.swift */ = {isa = PBXFileReference; lastKnownFileType = sourcecode.swift; path = Coder.swift; sourceTree = "<group>"; };
		EAE4B668266F6C0A0005ACD2 /* Auth.swift */ = {isa = PBXFileReference; lastKnownFileType = sourcecode.swift; path = Auth.swift; sourceTree = "<group>"; };
		EAE4B670266F6C910005ACD2 /* TokenResponse.swift */ = {isa = PBXFileReference; lastKnownFileType = sourcecode.swift; path = TokenResponse.swift; sourceTree = "<group>"; };
		EAE4B679266F737B0005ACD2 /* SessionResponse.swift */ = {isa = PBXFileReference; lastKnownFileType = sourcecode.swift; path = SessionResponse.swift; sourceTree = "<group>"; };
		EAE4B67F266F73F10005ACD2 /* CreateSession.swift */ = {isa = PBXFileReference; lastKnownFileType = sourcecode.swift; path = CreateSession.swift; sourceTree = "<group>"; };
		EAE4B687266F76020005ACD2 /* Discover.swift */ = {isa = PBXFileReference; lastKnownFileType = sourcecode.swift; path = Discover.swift; sourceTree = "<group>"; };
		EAE4B68C266F77690005ACD2 /* PaginatedResponse.swift */ = {isa = PBXFileReference; lastKnownFileType = sourcecode.swift; path = PaginatedResponse.swift; sourceTree = "<group>"; };
		EAE4B691266F77EE0005ACD2 /* MovieResponse.swift */ = {isa = PBXFileReference; lastKnownFileType = sourcecode.swift; path = MovieResponse.swift; sourceTree = "<group>"; };
		EAE4B6B3266F7C0A0005ACD2 /* LoginState.swift */ = {isa = PBXFileReference; lastKnownFileType = sourcecode.swift; path = LoginState.swift; sourceTree = "<group>"; };
		EAE4B6BB266F7D3E0005ACD2 /* PickCredentials.swift */ = {isa = PBXFileReference; lastKnownFileType = sourcecode.swift; path = PickCredentials.swift; sourceTree = "<group>"; };
		EAE4B6C3266F83E10005ACD2 /* SessionRequestToken.swift */ = {isa = PBXFileReference; lastKnownFileType = sourcecode.swift; path = SessionRequestToken.swift; sourceTree = "<group>"; };
		EAE4B6C8266F86730005ACD2 /* AuthActions.swift */ = {isa = PBXFileReference; lastKnownFileType = sourcecode.swift; path = AuthActions.swift; sourceTree = "<group>"; };
		EAE4B6CD266F87910005ACD2 /* Session.swift */ = {isa = PBXFileReference; lastKnownFileType = sourcecode.swift; path = Session.swift; sourceTree = "<group>"; };
		EAE4B6D8266F8EE70005ACD2 /* AuthState.swift */ = {isa = PBXFileReference; lastKnownFileType = sourcecode.swift; path = AuthState.swift; sourceTree = "<group>"; };
		EAE4B6F9266F9B700005ACD2 /* FlowView.swift */ = {isa = PBXFileReference; lastKnownFileType = sourcecode.swift; path = FlowView.swift; sourceTree = "<group>"; };
		EAE4B702266F9CBF0005ACD2 /* AuthFlowPresenter.swift */ = {isa = PBXFileReference; lastKnownFileType = sourcecode.swift; path = AuthFlowPresenter.swift; sourceTree = "<group>"; };
/* End PBXFileReference section */

/* Begin PBXFrameworksBuildPhase section */
		EA00C20A2667E4F6001EED8D /* Frameworks */ = {
			isa = PBXFrameworksBuildPhase;
			buildActionMask = 2147483647;
			files = (
				EA00C2D22667E640001EED8D /* PureduxSwiftUI in Frameworks */,
				EAEE43842667F1C800F2C5FD /* PureduxCommonCore in Frameworks */,
				EA00C2CC2667E623001EED8D /* Puredux in Frameworks */,
				EAEE438A2667F64F00F2C5FD /* PureduxCommonOperators in Frameworks */,
			);
			runOnlyForDeploymentPostprocessing = 0;
		};
		EA00C2202667E4F8001EED8D /* Frameworks */ = {
			isa = PBXFrameworksBuildPhase;
			buildActionMask = 2147483647;
			files = (
			);
			runOnlyForDeploymentPostprocessing = 0;
		};
		EA00C22B2667E4F9001EED8D /* Frameworks */ = {
			isa = PBXFrameworksBuildPhase;
			buildActionMask = 2147483647;
			files = (
			);
			runOnlyForDeploymentPostprocessing = 0;
		};
/* End PBXFrameworksBuildPhase section */

/* Begin PBXGroup section */
		EA00C2042667E4F6001EED8D = {
			isa = PBXGroup;
			children = (
				EA00C20F2667E4F6001EED8D /* PureduxDemo */,
				EA00C2262667E4F8001EED8D /* PureduxDemoTests */,
				EA00C2312667E4F9001EED8D /* PureduxDemoUITests */,
				EA00C20E2667E4F6001EED8D /* Products */,
			);
			sourceTree = "<group>";
		};
		EA00C20E2667E4F6001EED8D /* Products */ = {
			isa = PBXGroup;
			children = (
				EA00C20D2667E4F6001EED8D /* PureduxDemo.app */,
				EA00C2232667E4F8001EED8D /* PureduxDemoTests.xctest */,
				EA00C22E2667E4F9001EED8D /* PureduxDemoUITests.xctest */,
			);
			name = Products;
			sourceTree = "<group>";
		};
		EA00C20F2667E4F6001EED8D /* PureduxDemo */ = {
			isa = PBXGroup;
			children = (
				EA00C25F2667E596001EED8D /* Application */,
				EA00C2442667E596001EED8D /* Core */,
				EAEE43E22668EDE000F2C5FD /* Configuration */,
				EA00C25D2667E596001EED8D /* Resources */,
				EAE4B633266E750E0005ACD2 /* MoviesDBClient */,
				EA00C2862667E596001EED8D /* Library */,
			);
			path = PureduxDemo;
			sourceTree = "<group>";
		};
		EA00C2182667E4F8001EED8D /* Preview Content */ = {
			isa = PBXGroup;
			children = (
				EA00C2192667E4F8001EED8D /* Preview Assets.xcassets */,
			);
			path = "Preview Content";
			sourceTree = "<group>";
		};
		EA00C2262667E4F8001EED8D /* PureduxDemoTests */ = {
			isa = PBXGroup;
			children = (
				EA00C2272667E4F8001EED8D /* PureduxDemoTests.swift */,
				EA00C2292667E4F8001EED8D /* Info.plist */,
			);
			path = PureduxDemoTests;
			sourceTree = "<group>";
		};
		EA00C2312667E4F9001EED8D /* PureduxDemoUITests */ = {
			isa = PBXGroup;
			children = (
				EA00C2322667E4F9001EED8D /* PureduxDemoUITests.swift */,
				EA00C2342667E4F9001EED8D /* Info.plist */,
			);
			path = PureduxDemoUITests;
			sourceTree = "<group>";
		};
		EA00C2442667E596001EED8D /* Core */ = {
			isa = PBXGroup;
			children = (
				EA00C2572667E596001EED8D /* Actions */,
				EA00C24B2667E596001EED8D /* State */,
				EA00C24F2667E596001EED8D /* StateComponents */,
				EA00C2452667E596001EED8D /* Models */,
			);
			path = Core;
			sourceTree = "<group>";
		};
		EA00C2452667E596001EED8D /* Models */ = {
			isa = PBXGroup;
			children = (
				EAEE43C92667FF0800F2C5FD /* PlainModels */,
				EAEE43C82667FF0100F2C5FD /* Entities */,
			);
			path = Models;
			sourceTree = "<group>";
		};
		EA00C24B2667E596001EED8D /* State */ = {
			isa = PBXGroup;
			children = (
				EA00C24C2667E596001EED8D /* AppState.swift */,
				EA00C24D2667E596001EED8D /* AppStateConfig.swift */,
				EA00C24E2667E596001EED8D /* AppEnvironment.swift */,
			);
			path = State;
			sourceTree = "<group>";
		};
		EA00C24F2667E596001EED8D /* StateComponents */ = {
			isa = PBXGroup;
			children = (
				EAE4B6B2266F7BF30005ACD2 /* CurrentTime */,
				EAE4B6B1266F7BEC0005ACD2 /* Login */,
				EAE4B6B0266F7BE50005ACD2 /* Auth */,
				EA00C2522667E596001EED8D /* EntitiesStorage */,
			);
			path = StateComponents;
			sourceTree = "<group>";
		};
		EA00C2522667E596001EED8D /* EntitiesStorage */ = {
			isa = PBXGroup;
			children = (
				EA00C2532667E596001EED8D /* Storage.swift */,
				EA00C2552667E596001EED8D /* ModelSchema.swift */,
			);
			path = EntitiesStorage;
			sourceTree = "<group>";
		};
		EA00C2572667E596001EED8D /* Actions */ = {
			isa = PBXGroup;
			children = (
				EA00C2582667E596001EED8D /* Time.swift */,
				EA00C25B2667E596001EED8D /* Action.swift */,
				EAE4B6C8266F86730005ACD2 /* AuthActions.swift */,
			);
			path = Actions;
			sourceTree = "<group>";
		};
		EA00C25D2667E596001EED8D /* Resources */ = {
			isa = PBXGroup;
			children = (
				EAE4B4AA2668F85A0005ACD2 /* Generated */,
				EA00C2182667E4F8001EED8D /* Preview Content */,
				EA00C2162667E4F8001EED8D /* Assets.xcassets */,
				EAE4B4992668F7B40005ACD2 /* Localizable.strings */,
			);
			path = Resources;
			sourceTree = "<group>";
		};
		EA00C25F2667E596001EED8D /* Application */ = {
			isa = PBXGroup;
			children = (
				EA00C2682667E596001EED8D /* AppUI */,
				EA00C27C2667E596001EED8D /* AppLauncher */,
				EA00C27F2667E596001EED8D /* AppDelegate */,
				EA00C2822667E596001EED8D /* SideEffects */,
				EA00C2602667E596001EED8D /* Operators */,
				EAEE43C12667FECD00F2C5FD /* Services */,
				EA00C2782667E596001EED8D /* Utils */,
			);
			path = Application;
			sourceTree = "<group>";
		};
		EA00C2602667E596001EED8D /* Operators */ = {
			isa = PBXGroup;
			children = (
			);
			path = Operators;
			sourceTree = "<group>";
		};
		EA00C2682667E596001EED8D /* AppUI */ = {
			isa = PBXGroup;
			children = (
				EA00C2692667E596001EED8D /* ScreenViewFactory */,
				EA00C26E2667E596001EED8D /* Screens */,
				EA00C2722667E596001EED8D /* UIComponents */,
				EA00C2752667E596001EED8D /* Theme */,
			);
			path = AppUI;
			sourceTree = "<group>";
		};
		EA00C2692667E596001EED8D /* ScreenViewFactory */ = {
			isa = PBXGroup;
			children = (
				EA00C26B2667E596001EED8D /* ScreenViews.swift */,
				EA00C26C2667E596001EED8D /* ScreenViewFactoryKey.swift */,
				EA00C26D2667E596001EED8D /* ScreenViewFactory.swift */,
			);
			path = ScreenViewFactory;
			sourceTree = "<group>";
		};
		EA00C26E2667E596001EED8D /* Screens */ = {
			isa = PBXGroup;
			children = (
				EAE4B606266E61980005ACD2 /* MoviesList */,
				EAE4B5D6266E50C80005ACD2 /* Auth */,
				EA00C21B2667E4F8001EED8D /* LaunchScreen.storyboard */,
			);
			path = Screens;
			sourceTree = "<group>";
		};
		EA00C2722667E596001EED8D /* UIComponents */ = {
			isa = PBXGroup;
			children = (
				EAE4B6F8266F9B630005ACD2 /* FlowView */,
				EAE4B61E266E649D0005ACD2 /* Common */,
				EAE4B612266E61B50005ACD2 /* MovieListItem */,
				EAE4B5E8266E513A0005ACD2 /* ActionButton */,
				EAE4B58126690A5F0005ACD2 /* AuthTitle */,
				EAE4B58026690A240005ACD2 /* AuthSecuredTextField */,
				EAE4B57F26690A190005ACD2 /* AuthTextField */,
			);
			path = UIComponents;
			sourceTree = "<group>";
		};
		EA00C2752667E596001EED8D /* Theme */ = {
			isa = PBXGroup;
			children = (
				EA00C2762667E596001EED8D /* AppUITheme.swift */,
				EAE4B5A72669203D0005ACD2 /* ThemePaddings.swift */,
				EAE4B5B626692CAD0005ACD2 /* ThemeSizes.swift */,
				EAE4B59426690F130005ACD2 /* ThemeColors.swift */,
				EAE4B5A226691A3B0005ACD2 /* ThemeFonts.swift */,
				EAE4B59A266917120005ACD2 /* ComponentsStyles.swift */,
				EA00C2772667E596001EED8D /* AppUIThemeKey.swift */,
			);
			path = Theme;
			sourceTree = "<group>";
		};
		EA00C2782667E596001EED8D /* Utils */ = {
			isa = PBXGroup;
			children = (
				EA00C2792667E596001EED8D /* ViewStoreExtensions.swift */,
				EA00C27A2667E596001EED8D /* Command.swift */,
			);
			path = Utils;
			sourceTree = "<group>";
		};
		EA00C27C2667E596001EED8D /* AppLauncher */ = {
			isa = PBXGroup;
			children = (
				EA00C27D2667E596001EED8D /* AppLauncher.swift */,
			);
			path = AppLauncher;
			sourceTree = "<group>";
		};
		EA00C27F2667E596001EED8D /* AppDelegate */ = {
			isa = PBXGroup;
			children = (
				EA00C2802667E596001EED8D /* AppDelegate.swift */,
				EA00C2812667E596001EED8D /* SceneDelegate.swift */,
			);
			path = AppDelegate;
			sourceTree = "<group>";
		};
		EA00C2822667E596001EED8D /* SideEffects */ = {
			isa = PBXGroup;
			children = (
				EA00C2832667E596001EED8D /* TimeEventsSideEffects.swift */,
			);
			path = SideEffects;
			sourceTree = "<group>";
		};
		EA00C2862667E596001EED8D /* Library */ = {
			isa = PBXGroup;
			children = (
				EAE4B58A26690E9E0005ACD2 /* UIKitExtensions */,
				EA00C2872667E596001EED8D /* SwiftUIExtensions */,
			);
			path = Library;
			sourceTree = "<group>";
		};
		EA00C2872667E596001EED8D /* SwiftUIExtensions */ = {
			isa = PBXGroup;
			children = (
				EAE4B5FB266E5B510005ACD2 /* KeyboardAdaptive */,
				EA00C27B2667E596001EED8D /* View+AnyView.swift */,
				EA00C2882667E596001EED8D /* Color+hex.swift */,
				EA00C2892667E596001EED8D /* DarkHostingController.swift */,
				EAE4B5B1266926790005ACD2 /* View+Placeholder.swift */,
			);
			path = SwiftUIExtensions;
			sourceTree = "<group>";
		};
		EAE4B4AA2668F85A0005ACD2 /* Generated */ = {
			isa = PBXGroup;
			children = (
				EAE4B4B22668F86E0005ACD2 /* Assets+Generated.swift */,
				EAE4B4B12668F86E0005ACD2 /* Strings+Generated.swift */,
			);
			path = Generated;
			sourceTree = "<group>";
		};
		EAE4B52D2668FC140005ACD2 /* SwiftLint */ = {
			isa = PBXGroup;
			children = (
				EAE4B5392668FE880005ACD2 /* swiftlint-ci.yml */,
				EAE4B53A2668FE880005ACD2 /* swiftlint.yml */,
				EAE4B52F2668FC4F0005ACD2 /* LICENSE */,
				EAE4B52E2668FC4F0005ACD2 /* swiftlint */,
			);
			path = SwiftLint;
			sourceTree = "<group>";
		};
		EAE4B57F26690A190005ACD2 /* AuthTextField */ = {
			isa = PBXGroup;
			children = (
				EAE4B5AC266925BF0005ACD2 /* AuthTextField.swift */,
			);
			path = AuthTextField;
			sourceTree = "<group>";
		};
		EAE4B58026690A240005ACD2 /* AuthSecuredTextField */ = {
			isa = PBXGroup;
			children = (
				EAE4B5C0266939E10005ACD2 /* CustomTextField.swift */,
				EAE4B5BB266939CD0005ACD2 /* AuthSecuredTextField.swift */,
			);
			path = AuthSecuredTextField;
			sourceTree = "<group>";
		};
		EAE4B58126690A5F0005ACD2 /* AuthTitle */ = {
			isa = PBXGroup;
			children = (
				EAE4B58226690A850005ACD2 /* AuthTitle.swift */,
			);
			path = AuthTitle;
			sourceTree = "<group>";
		};
		EAE4B58A26690E9E0005ACD2 /* UIKitExtensions */ = {
			isa = PBXGroup;
			children = (
				EAE4B58B26690EAB0005ACD2 /* UIColor+hex.swift */,
			);
			path = UIKitExtensions;
			sourceTree = "<group>";
		};
		EAE4B5D6266E50C80005ACD2 /* Auth */ = {
			isa = PBXGroup;
			children = (
				EAE4B701266F9CB30005ACD2 /* AuthFlow */,
				EAE4B5D7266E50D00005ACD2 /* Login */,
			);
			path = Auth;
			sourceTree = "<group>";
		};
		EAE4B5D7266E50D00005ACD2 /* Login */ = {
			isa = PBXGroup;
			children = (
				EAE4B5D8266E50E00005ACD2 /* LoginView.swift */,
				EAE4B5E0266E50EA0005ACD2 /* LoginPresenter.swift */,
			);
			path = Login;
			sourceTree = "<group>";
		};
		EAE4B5E8266E513A0005ACD2 /* ActionButton */ = {
			isa = PBXGroup;
			children = (
				EAE4B5E9266E51460005ACD2 /* ActionButton.swift */,
			);
			path = ActionButton;
			sourceTree = "<group>";
		};
		EAE4B5FB266E5B510005ACD2 /* KeyboardAdaptive */ = {
			isa = PBXGroup;
			children = (
				EAE4B5F6266E5B230005ACD2 /* KeyboardHeightPublisher.swift */,
				EAE4B5EE266E5AB20005ACD2 /* View+KeyboardAdaptive.swift */,
			);
			path = KeyboardAdaptive;
			sourceTree = "<group>";
		};
		EAE4B606266E61980005ACD2 /* MoviesList */ = {
			isa = PBXGroup;
			children = (
				EAE4B619266E642E0005ACD2 /* MoviesListView.swift */,
			);
			path = MoviesList;
			sourceTree = "<group>";
		};
		EAE4B612266E61B50005ACD2 /* MovieListItem */ = {
			isa = PBXGroup;
			children = (
				EAE4B607266E61A40005ACD2 /* MovieListItem.swift */,
			);
			path = MovieListItem;
			sourceTree = "<group>";
		};
		EAE4B61E266E649D0005ACD2 /* Common */ = {
			isa = PBXGroup;
			children = (
				EAE4B61F266E64AC0005ACD2 /* IdentifiableItem.swift */,
			);
			path = Common;
			sourceTree = "<group>";
		};
		EAE4B633266E750E0005ACD2 /* MoviesDBClient */ = {
			isa = PBXGroup;
			children = (
				EAE4B667266F6BDF0005ACD2 /* Endpoints */,
				EAE4B651266E7DB20005ACD2 /* Models */,
				EAE4B634266E753B0005ACD2 /* Client.swift */,
				EAE4B65F266E81600005ACD2 /* Coder.swift */,
				EAE4B63F266E76DE0005ACD2 /* Request.swift */,
				EAE4B647266E76F10005ACD2 /* Response.swift */,
				EAE4B64C266E77B60005ACD2 /* Errors.swift */,
			);
			path = MoviesDBClient;
			sourceTree = "<group>";
		};
		EAE4B651266E7DB20005ACD2 /* Models */ = {
			isa = PBXGroup;
			children = (
				EAE4B67E266F73E40005ACD2 /* Requests */,
				EAE4B675266F6C990005ACD2 /* Responses */,
			);
			path = Models;
			sourceTree = "<group>";
		};
		EAE4B667266F6BDF0005ACD2 /* Endpoints */ = {
			isa = PBXGroup;
			children = (
				EAE4B668266F6C0A0005ACD2 /* Auth.swift */,
				EAE4B687266F76020005ACD2 /* Discover.swift */,
			);
			path = Endpoints;
			sourceTree = "<group>";
		};
		EAE4B675266F6C990005ACD2 /* Responses */ = {
			isa = PBXGroup;
			children = (
				EAE4B65A266E7DCA0005ACD2 /* SuccessResponse.swift */,
				EAE4B652266E7DBF0005ACD2 /* ErrorResponse.swift */,
				EAE4B670266F6C910005ACD2 /* TokenResponse.swift */,
				EAE4B679266F737B0005ACD2 /* SessionResponse.swift */,
				EAE4B68C266F77690005ACD2 /* PaginatedResponse.swift */,
				EAE4B691266F77EE0005ACD2 /* MovieResponse.swift */,
			);
			path = Responses;
			sourceTree = "<group>";
		};
		EAE4B67E266F73E40005ACD2 /* Requests */ = {
			isa = PBXGroup;
			children = (
				EAE4B67F266F73F10005ACD2 /* CreateSession.swift */,
			);
			path = Requests;
			sourceTree = "<group>";
		};
		EAE4B6B0266F7BE50005ACD2 /* Auth */ = {
			isa = PBXGroup;
			children = (
				EAE4B6D8266F8EE70005ACD2 /* AuthState.swift */,
			);
			path = Auth;
			sourceTree = "<group>";
		};
		EAE4B6B1266F7BEC0005ACD2 /* Login */ = {
			isa = PBXGroup;
			children = (
				EAE4B6B3266F7C0A0005ACD2 /* LoginState.swift */,
				EAE4B6BB266F7D3E0005ACD2 /* PickCredentials.swift */,
			);
			path = Login;
			sourceTree = "<group>";
		};
		EAE4B6B2266F7BF30005ACD2 /* CurrentTime */ = {
			isa = PBXGroup;
			children = (
				EA00C2502667E596001EED8D /* CurrentTime.swift */,
			);
			path = CurrentTime;
			sourceTree = "<group>";
		};
		EAE4B6F8266F9B630005ACD2 /* FlowView */ = {
			isa = PBXGroup;
			children = (
				EAE4B6F9266F9B700005ACD2 /* FlowView.swift */,
			);
			path = FlowView;
			sourceTree = "<group>";
		};
		EAE4B701266F9CB30005ACD2 /* AuthFlow */ = {
			isa = PBXGroup;
			children = (
				EAE4B702266F9CBF0005ACD2 /* AuthFlowPresenter.swift */,
			);
			path = AuthFlow;
			sourceTree = "<group>";
		};
		EAEE43C12667FECD00F2C5FD /* Services */ = {
			isa = PBXGroup;
			children = (
			);
			path = Services;
			sourceTree = "<group>";
		};
		EAEE43C82667FF0100F2C5FD /* Entities */ = {
			isa = PBXGroup;
			children = (
			);
			path = Entities;
			sourceTree = "<group>";
		};
		EAEE43C92667FF0800F2C5FD /* PlainModels */ = {
			isa = PBXGroup;
			children = (
				EAE4B6C3266F83E10005ACD2 /* SessionRequestToken.swift */,
				EAE4B6CD266F87910005ACD2 /* Session.swift */,
			);
			path = PlainModels;
			sourceTree = "<group>";
		};
		EAEE43E22668EDE000F2C5FD /* Configuration */ = {
			isa = PBXGroup;
			children = (
				EAE4B52D2668FC140005ACD2 /* SwiftLint */,
				EAEE44012668F45F00F2C5FD /* SwiftGen */,
				EA00C21E2667E4F8001EED8D /* Info.plist */,
			);
			path = Configuration;
			sourceTree = "<group>";
		};
		EAEE44012668F45F00F2C5FD /* SwiftGen */ = {
			isa = PBXGroup;
			children = (
				EAE4B4202668F55E0005ACD2 /* runswiftgen.sh */,
				EAE4B41F2668F55E0005ACD2 /* swiftgen.yml */,
			);
			path = SwiftGen;
			sourceTree = "<group>";
		};
/* End PBXGroup section */

/* Begin PBXNativeTarget section */
		EA00C20C2667E4F6001EED8D /* PureduxDemo */ = {
			isa = PBXNativeTarget;
			buildConfigurationList = EA00C2372667E4F9001EED8D /* Build configuration list for PBXNativeTarget "PureduxDemo" */;
			buildPhases = (
				EAE4B4262668F5FB0005ACD2 /* Run SwiftGen */,
				EAE4B5352668FC690005ACD2 /* Run SwiftLint */,
				EA00C2092667E4F6001EED8D /* Sources */,
				EA00C20A2667E4F6001EED8D /* Frameworks */,
				EA00C20B2667E4F6001EED8D /* Resources */,
			);
			buildRules = (
			);
			dependencies = (
			);
			name = PureduxDemo;
			packageProductDependencies = (
				EA00C2CB2667E623001EED8D /* Puredux */,
				EA00C2D12667E640001EED8D /* PureduxSwiftUI */,
				EAEE43832667F1C800F2C5FD /* PureduxCommonCore */,
				EAEE43892667F64F00F2C5FD /* PureduxCommonOperators */,
			);
			productName = PureduxDemo;
			productReference = EA00C20D2667E4F6001EED8D /* PureduxDemo.app */;
			productType = "com.apple.product-type.application";
		};
		EA00C2222667E4F8001EED8D /* PureduxDemoTests */ = {
			isa = PBXNativeTarget;
			buildConfigurationList = EA00C23A2667E4F9001EED8D /* Build configuration list for PBXNativeTarget "PureduxDemoTests" */;
			buildPhases = (
				EA00C21F2667E4F8001EED8D /* Sources */,
				EA00C2202667E4F8001EED8D /* Frameworks */,
				EA00C2212667E4F8001EED8D /* Resources */,
			);
			buildRules = (
			);
			dependencies = (
				EA00C2252667E4F8001EED8D /* PBXTargetDependency */,
			);
			name = PureduxDemoTests;
			productName = PureduxDemoTests;
			productReference = EA00C2232667E4F8001EED8D /* PureduxDemoTests.xctest */;
			productType = "com.apple.product-type.bundle.unit-test";
		};
		EA00C22D2667E4F9001EED8D /* PureduxDemoUITests */ = {
			isa = PBXNativeTarget;
			buildConfigurationList = EA00C23D2667E4F9001EED8D /* Build configuration list for PBXNativeTarget "PureduxDemoUITests" */;
			buildPhases = (
				EA00C22A2667E4F9001EED8D /* Sources */,
				EA00C22B2667E4F9001EED8D /* Frameworks */,
				EA00C22C2667E4F9001EED8D /* Resources */,
			);
			buildRules = (
			);
			dependencies = (
				EA00C2302667E4F9001EED8D /* PBXTargetDependency */,
			);
			name = PureduxDemoUITests;
			productName = PureduxDemoUITests;
			productReference = EA00C22E2667E4F9001EED8D /* PureduxDemoUITests.xctest */;
			productType = "com.apple.product-type.bundle.ui-testing";
		};
/* End PBXNativeTarget section */

/* Begin PBXProject section */
		EA00C2052667E4F6001EED8D /* Project object */ = {
			isa = PBXProject;
			attributes = {
				LastSwiftUpdateCheck = 1200;
				LastUpgradeCheck = 1200;
				TargetAttributes = {
					EA00C20C2667E4F6001EED8D = {
						CreatedOnToolsVersion = 12.0.1;
					};
					EA00C2222667E4F8001EED8D = {
						CreatedOnToolsVersion = 12.0.1;
						TestTargetID = EA00C20C2667E4F6001EED8D;
					};
					EA00C22D2667E4F9001EED8D = {
						CreatedOnToolsVersion = 12.0.1;
						TestTargetID = EA00C20C2667E4F6001EED8D;
					};
				};
			};
			buildConfigurationList = EA00C2082667E4F6001EED8D /* Build configuration list for PBXProject "PureduxDemo" */;
			compatibilityVersion = "Xcode 9.3";
			developmentRegion = en;
			hasScannedForEncodings = 0;
			knownRegions = (
				en,
				Base,
			);
			mainGroup = EA00C2042667E4F6001EED8D;
			packageReferences = (
				EA00C2CA2667E623001EED8D /* XCRemoteSwiftPackageReference "Puredux" */,
				EA00C2D02667E640001EED8D /* XCRemoteSwiftPackageReference "PureduxSwiftUI" */,
				EAEE43822667F1C800F2C5FD /* XCRemoteSwiftPackageReference "PureduxCommonCore" */,
				EAEE43882667F64F00F2C5FD /* XCRemoteSwiftPackageReference "PureduxCommonOperators" */,
			);
			productRefGroup = EA00C20E2667E4F6001EED8D /* Products */;
			projectDirPath = "";
			projectRoot = "";
			targets = (
				EA00C20C2667E4F6001EED8D /* PureduxDemo */,
				EA00C2222667E4F8001EED8D /* PureduxDemoTests */,
				EA00C22D2667E4F9001EED8D /* PureduxDemoUITests */,
			);
		};
/* End PBXProject section */

/* Begin PBXResourcesBuildPhase section */
		EA00C20B2667E4F6001EED8D /* Resources */ = {
			isa = PBXResourcesBuildPhase;
			buildActionMask = 2147483647;
			files = (
				EA00C21D2667E4F8001EED8D /* LaunchScreen.storyboard in Resources */,
				EAE4B53C2668FE880005ACD2 /* swiftlint.yml in Resources */,
				EAE4B4972668F7B40005ACD2 /* Localizable.strings in Resources */,
				EAE4B5312668FC4F0005ACD2 /* LICENSE in Resources */,
				EA00C21A2667E4F8001EED8D /* Preview Assets.xcassets in Resources */,
				EAE4B4222668F55E0005ACD2 /* runswiftgen.sh in Resources */,
				EAE4B53B2668FE880005ACD2 /* swiftlint-ci.yml in Resources */,
				EAE4B5302668FC4F0005ACD2 /* swiftlint in Resources */,
				EA00C2172667E4F8001EED8D /* Assets.xcassets in Resources */,
				EAE4B4212668F55E0005ACD2 /* swiftgen.yml in Resources */,
			);
			runOnlyForDeploymentPostprocessing = 0;
		};
		EA00C2212667E4F8001EED8D /* Resources */ = {
			isa = PBXResourcesBuildPhase;
			buildActionMask = 2147483647;
			files = (
			);
			runOnlyForDeploymentPostprocessing = 0;
		};
		EA00C22C2667E4F9001EED8D /* Resources */ = {
			isa = PBXResourcesBuildPhase;
			buildActionMask = 2147483647;
			files = (
			);
			runOnlyForDeploymentPostprocessing = 0;
		};
/* End PBXResourcesBuildPhase section */

/* Begin PBXShellScriptBuildPhase section */
		EAE4B4262668F5FB0005ACD2 /* Run SwiftGen */ = {
			isa = PBXShellScriptBuildPhase;
			buildActionMask = 2147483647;
			files = (
			);
			inputFileListPaths = (
			);
			inputPaths = (
			);
			name = "Run SwiftGen";
			outputFileListPaths = (
			);
			outputPaths = (
			);
			runOnlyForDeploymentPostprocessing = 0;
			shellPath = /bin/sh;
			shellScript = "\"$SRCROOT\"/PureduxDemo/Configuration/SwiftGen/runswiftgen.sh \"$SRCROOT\"\n";
		};
		EAE4B5352668FC690005ACD2 /* Run SwiftLint */ = {
			isa = PBXShellScriptBuildPhase;
			buildActionMask = 2147483647;
			files = (
			);
			inputFileListPaths = (
			);
			inputPaths = (
			);
			name = "Run SwiftLint";
			outputFileListPaths = (
			);
			outputPaths = (
			);
			runOnlyForDeploymentPostprocessing = 0;
			shellPath = /bin/sh;
			shellScript = "# Type a script or drag a script file from your workspace to insert its path.\n#Run only when CI env var is missing\nif [ -z \"$CI\" ]; then\n    ${SRCROOT}/PureduxDemo/Configuration/SwiftLint/swiftlint autocorrect --config \"${SRCROOT}/PureduxDemo/Configuration/SwiftLint/swiftlint.yml\"\n    ${SRCROOT}/PureduxDemo/Configuration//SwiftLint/swiftlint --config \"${SRCROOT}/PureduxDemo/Configuration/SwiftLint/swiftlint.yml\"\nfi\n";
		};
/* End PBXShellScriptBuildPhase section */

/* Begin PBXSourcesBuildPhase section */
		EA00C2092667E4F6001EED8D /* Sources */ = {
			isa = PBXSourcesBuildPhase;
			buildActionMask = 2147483647;
			files = (
				EAE4B6B4266F7C0A0005ACD2 /* LoginState.swift in Sources */,
				EAE4B6C9266F86730005ACD2 /* AuthActions.swift in Sources */,
				EAE4B4B32668F86E0005ACD2 /* Strings+Generated.swift in Sources */,
				EA00C2B62667E597001EED8D /* Color+hex.swift in Sources */,
				EAE4B5EA266E51460005ACD2 /* ActionButton.swift in Sources */,
				EA00C2B22667E597001EED8D /* SceneDelegate.swift in Sources */,
				EAE4B64D266E77B60005ACD2 /* Errors.swift in Sources */,
				EA00C2B72667E597001EED8D /* DarkHostingController.swift in Sources */,
				EA00C2942667E597001EED8D /* Storage.swift in Sources */,
				EAE4B648266E76F10005ACD2 /* Response.swift in Sources */,
				EA00C29B2667E597001EED8D /* Action.swift in Sources */,
				EAE4B65B266E7DCA0005ACD2 /* SuccessResponse.swift in Sources */,
				EAE4B620266E64AC0005ACD2 /* IdentifiableItem.swift in Sources */,
				EAE4B5CB26693C820005ACD2 /* CustomTextField.swift in Sources */,
				EAE4B671266F6C910005ACD2 /* TokenResponse.swift in Sources */,
				EAE4B59B266917120005ACD2 /* ComponentsStyles.swift in Sources */,
				EA00C28F2667E596001EED8D /* AppState.swift in Sources */,
				EAE4B5B726692CAD0005ACD2 /* ThemeSizes.swift in Sources */,
				EAE4B5A326691A3B0005ACD2 /* ThemeFonts.swift in Sources */,
				EA00C2982667E597001EED8D /* Time.swift in Sources */,
				EAE4B5D9266E50E00005ACD2 /* LoginView.swift in Sources */,
				EAE4B5A82669203D0005ACD2 /* ThemePaddings.swift in Sources */,
				EA00C2AD2667E597001EED8D /* Command.swift in Sources */,
				EAE4B5E1266E50EA0005ACD2 /* LoginPresenter.swift in Sources */,
				EAE4B5F7266E5B230005ACD2 /* KeyboardHeightPublisher.swift in Sources */,
				EA00C2B12667E597001EED8D /* AppDelegate.swift in Sources */,
				EAE4B58326690A850005ACD2 /* AuthTitle.swift in Sources */,
				EA00C2902667E596001EED8D /* AppStateConfig.swift in Sources */,
				EAE4B6FA266F9B700005ACD2 /* FlowView.swift in Sources */,
				EA00C2922667E596001EED8D /* CurrentTime.swift in Sources */,
				EA00C2AF2667E597001EED8D /* AppLauncher.swift in Sources */,
				EAE4B4B42668F86E0005ACD2 /* Assets+Generated.swift in Sources */,
				EA00C2B32667E597001EED8D /* TimeEventsSideEffects.swift in Sources */,
				EAE4B61A266E642E0005ACD2 /* MoviesListView.swift in Sources */,
				EAE4B5AD266925BF0005ACD2 /* AuthTextField.swift in Sources */,
				EAE4B6CE266F87910005ACD2 /* Session.swift in Sources */,
				EAE4B640266E76DE0005ACD2 /* Request.swift in Sources */,
				EA00C2A32667E597001EED8D /* ScreenViews.swift in Sources */,
				EAE4B6C4266F83E10005ACD2 /* SessionRequestToken.swift in Sources */,
				EAE4B59526690F130005ACD2 /* ThemeColors.swift in Sources */,
				EA00C2AC2667E597001EED8D /* ViewStoreExtensions.swift in Sources */,
				EAE4B660266E81600005ACD2 /* Coder.swift in Sources */,
				EA00C2962667E597001EED8D /* ModelSchema.swift in Sources */,
				EAE4B5EF266E5AB20005ACD2 /* View+KeyboardAdaptive.swift in Sources */,
				EAE4B669266F6C0A0005ACD2 /* Auth.swift in Sources */,
				EAE4B5BC266939CD0005ACD2 /* AuthSecuredTextField.swift in Sources */,
				EAE4B58C26690EAB0005ACD2 /* UIColor+hex.swift in Sources */,
				EA00C2AB2667E597001EED8D /* AppUIThemeKey.swift in Sources */,
				EAE4B67A266F737B0005ACD2 /* SessionResponse.swift in Sources */,
				EA00C2A52667E597001EED8D /* ScreenViewFactory.swift in Sources */,
				EAE4B680266F73F10005ACD2 /* CreateSession.swift in Sources */,
				EAE4B68D266F77690005ACD2 /* PaginatedResponse.swift in Sources */,
				EA00C2AE2667E597001EED8D /* View+AnyView.swift in Sources */,
				EAE4B688266F76020005ACD2 /* Discover.swift in Sources */,
				EAE4B635266E753B0005ACD2 /* Client.swift in Sources */,
				EAE4B608266E61A40005ACD2 /* MovieListItem.swift in Sources */,
				EAE4B692266F77EE0005ACD2 /* MovieResponse.swift in Sources */,
				EAE4B703266F9CBF0005ACD2 /* AuthFlowPresenter.swift in Sources */,
				EA00C2AA2667E597001EED8D /* AppUITheme.swift in Sources */,
				EAE4B6BC266F7D3E0005ACD2 /* PickCredentials.swift in Sources */,
				EA00C2912667E596001EED8D /* AppEnvironment.swift in Sources */,
				EAE4B5B2266926790005ACD2 /* View+Placeholder.swift in Sources */,
				EAE4B6D9266F8EE70005ACD2 /* AuthState.swift in Sources */,
				EA00C2A42667E597001EED8D /* ScreenViewFactoryKey.swift in Sources */,
				EAE4B653266E7DBF0005ACD2 /* ErrorResponse.swift in Sources */,
			);
			runOnlyForDeploymentPostprocessing = 0;
		};
		EA00C21F2667E4F8001EED8D /* Sources */ = {
			isa = PBXSourcesBuildPhase;
			buildActionMask = 2147483647;
			files = (
				EA00C2282667E4F8001EED8D /* PureduxDemoTests.swift in Sources */,
			);
			runOnlyForDeploymentPostprocessing = 0;
		};
		EA00C22A2667E4F9001EED8D /* Sources */ = {
			isa = PBXSourcesBuildPhase;
			buildActionMask = 2147483647;
			files = (
				EA00C2332667E4F9001EED8D /* PureduxDemoUITests.swift in Sources */,
			);
			runOnlyForDeploymentPostprocessing = 0;
		};
/* End PBXSourcesBuildPhase section */

/* Begin PBXTargetDependency section */
		EA00C2252667E4F8001EED8D /* PBXTargetDependency */ = {
			isa = PBXTargetDependency;
			target = EA00C20C2667E4F6001EED8D /* PureduxDemo */;
			targetProxy = EA00C2242667E4F8001EED8D /* PBXContainerItemProxy */;
		};
		EA00C2302667E4F9001EED8D /* PBXTargetDependency */ = {
			isa = PBXTargetDependency;
			target = EA00C20C2667E4F6001EED8D /* PureduxDemo */;
			targetProxy = EA00C22F2667E4F9001EED8D /* PBXContainerItemProxy */;
		};
/* End PBXTargetDependency section */

/* Begin PBXVariantGroup section */
		EA00C21B2667E4F8001EED8D /* LaunchScreen.storyboard */ = {
			isa = PBXVariantGroup;
			children = (
				EA00C21C2667E4F8001EED8D /* Base */,
			);
			name = LaunchScreen.storyboard;
			sourceTree = "<group>";
		};
		EAE4B4992668F7B40005ACD2 /* Localizable.strings */ = {
			isa = PBXVariantGroup;
			children = (
				EAE4B4982668F7B40005ACD2 /* en */,
			);
			name = Localizable.strings;
			sourceTree = "<group>";
		};
/* End PBXVariantGroup section */

/* Begin XCBuildConfiguration section */
		EA00C2352667E4F9001EED8D /* Debug */ = {
			isa = XCBuildConfiguration;
			buildSettings = {
				ALWAYS_SEARCH_USER_PATHS = NO;
				CLANG_ANALYZER_NONNULL = YES;
				CLANG_ANALYZER_NUMBER_OBJECT_CONVERSION = YES_AGGRESSIVE;
				CLANG_CXX_LANGUAGE_STANDARD = "gnu++14";
				CLANG_CXX_LIBRARY = "libc++";
				CLANG_ENABLE_MODULES = YES;
				CLANG_ENABLE_OBJC_ARC = YES;
				CLANG_ENABLE_OBJC_WEAK = YES;
				CLANG_WARN_BLOCK_CAPTURE_AUTORELEASING = YES;
				CLANG_WARN_BOOL_CONVERSION = YES;
				CLANG_WARN_COMMA = YES;
				CLANG_WARN_CONSTANT_CONVERSION = YES;
				CLANG_WARN_DEPRECATED_OBJC_IMPLEMENTATIONS = YES;
				CLANG_WARN_DIRECT_OBJC_ISA_USAGE = YES_ERROR;
				CLANG_WARN_DOCUMENTATION_COMMENTS = YES;
				CLANG_WARN_EMPTY_BODY = YES;
				CLANG_WARN_ENUM_CONVERSION = YES;
				CLANG_WARN_INFINITE_RECURSION = YES;
				CLANG_WARN_INT_CONVERSION = YES;
				CLANG_WARN_NON_LITERAL_NULL_CONVERSION = YES;
				CLANG_WARN_OBJC_IMPLICIT_RETAIN_SELF = YES;
				CLANG_WARN_OBJC_LITERAL_CONVERSION = YES;
				CLANG_WARN_OBJC_ROOT_CLASS = YES_ERROR;
				CLANG_WARN_QUOTED_INCLUDE_IN_FRAMEWORK_HEADER = YES;
				CLANG_WARN_RANGE_LOOP_ANALYSIS = YES;
				CLANG_WARN_STRICT_PROTOTYPES = YES;
				CLANG_WARN_SUSPICIOUS_MOVE = YES;
				CLANG_WARN_UNGUARDED_AVAILABILITY = YES_AGGRESSIVE;
				CLANG_WARN_UNREACHABLE_CODE = YES;
				CLANG_WARN__DUPLICATE_METHOD_MATCH = YES;
				COPY_PHASE_STRIP = NO;
				DEBUG_INFORMATION_FORMAT = dwarf;
				ENABLE_STRICT_OBJC_MSGSEND = YES;
				ENABLE_TESTABILITY = YES;
				GCC_C_LANGUAGE_STANDARD = gnu11;
				GCC_DYNAMIC_NO_PIC = NO;
				GCC_NO_COMMON_BLOCKS = YES;
				GCC_OPTIMIZATION_LEVEL = 0;
				GCC_PREPROCESSOR_DEFINITIONS = (
					"DEBUG=1",
					"$(inherited)",
				);
				GCC_WARN_64_TO_32_BIT_CONVERSION = YES;
				GCC_WARN_ABOUT_RETURN_TYPE = YES_ERROR;
				GCC_WARN_UNDECLARED_SELECTOR = YES;
				GCC_WARN_UNINITIALIZED_AUTOS = YES_AGGRESSIVE;
				GCC_WARN_UNUSED_FUNCTION = YES;
				GCC_WARN_UNUSED_VARIABLE = YES;
				IPHONEOS_DEPLOYMENT_TARGET = 13.0;
				MTL_ENABLE_DEBUG_INFO = INCLUDE_SOURCE;
				MTL_FAST_MATH = YES;
				ONLY_ACTIVE_ARCH = YES;
				SDKROOT = iphoneos;
				SWIFT_ACTIVE_COMPILATION_CONDITIONS = DEBUG;
				SWIFT_OPTIMIZATION_LEVEL = "-Onone";
			};
			name = Debug;
		};
		EA00C2362667E4F9001EED8D /* Release */ = {
			isa = XCBuildConfiguration;
			buildSettings = {
				ALWAYS_SEARCH_USER_PATHS = NO;
				CLANG_ANALYZER_NONNULL = YES;
				CLANG_ANALYZER_NUMBER_OBJECT_CONVERSION = YES_AGGRESSIVE;
				CLANG_CXX_LANGUAGE_STANDARD = "gnu++14";
				CLANG_CXX_LIBRARY = "libc++";
				CLANG_ENABLE_MODULES = YES;
				CLANG_ENABLE_OBJC_ARC = YES;
				CLANG_ENABLE_OBJC_WEAK = YES;
				CLANG_WARN_BLOCK_CAPTURE_AUTORELEASING = YES;
				CLANG_WARN_BOOL_CONVERSION = YES;
				CLANG_WARN_COMMA = YES;
				CLANG_WARN_CONSTANT_CONVERSION = YES;
				CLANG_WARN_DEPRECATED_OBJC_IMPLEMENTATIONS = YES;
				CLANG_WARN_DIRECT_OBJC_ISA_USAGE = YES_ERROR;
				CLANG_WARN_DOCUMENTATION_COMMENTS = YES;
				CLANG_WARN_EMPTY_BODY = YES;
				CLANG_WARN_ENUM_CONVERSION = YES;
				CLANG_WARN_INFINITE_RECURSION = YES;
				CLANG_WARN_INT_CONVERSION = YES;
				CLANG_WARN_NON_LITERAL_NULL_CONVERSION = YES;
				CLANG_WARN_OBJC_IMPLICIT_RETAIN_SELF = YES;
				CLANG_WARN_OBJC_LITERAL_CONVERSION = YES;
				CLANG_WARN_OBJC_ROOT_CLASS = YES_ERROR;
				CLANG_WARN_QUOTED_INCLUDE_IN_FRAMEWORK_HEADER = YES;
				CLANG_WARN_RANGE_LOOP_ANALYSIS = YES;
				CLANG_WARN_STRICT_PROTOTYPES = YES;
				CLANG_WARN_SUSPICIOUS_MOVE = YES;
				CLANG_WARN_UNGUARDED_AVAILABILITY = YES_AGGRESSIVE;
				CLANG_WARN_UNREACHABLE_CODE = YES;
				CLANG_WARN__DUPLICATE_METHOD_MATCH = YES;
				COPY_PHASE_STRIP = NO;
				DEBUG_INFORMATION_FORMAT = "dwarf-with-dsym";
				ENABLE_NS_ASSERTIONS = NO;
				ENABLE_STRICT_OBJC_MSGSEND = YES;
				GCC_C_LANGUAGE_STANDARD = gnu11;
				GCC_NO_COMMON_BLOCKS = YES;
				GCC_WARN_64_TO_32_BIT_CONVERSION = YES;
				GCC_WARN_ABOUT_RETURN_TYPE = YES_ERROR;
				GCC_WARN_UNDECLARED_SELECTOR = YES;
				GCC_WARN_UNINITIALIZED_AUTOS = YES_AGGRESSIVE;
				GCC_WARN_UNUSED_FUNCTION = YES;
				GCC_WARN_UNUSED_VARIABLE = YES;
				IPHONEOS_DEPLOYMENT_TARGET = 13.0;
				MTL_ENABLE_DEBUG_INFO = NO;
				MTL_FAST_MATH = YES;
				SDKROOT = iphoneos;
				SWIFT_COMPILATION_MODE = wholemodule;
				SWIFT_OPTIMIZATION_LEVEL = "-O";
				VALIDATE_PRODUCT = YES;
			};
			name = Release;
		};
		EA00C2382667E4F9001EED8D /* Debug */ = {
			isa = XCBuildConfiguration;
			buildSettings = {
				ASSETCATALOG_COMPILER_APPICON_NAME = AppIcon;
				ASSETCATALOG_COMPILER_GLOBAL_ACCENT_COLOR_NAME = AccentColor;
				CODE_SIGN_STYLE = Automatic;
				DEVELOPMENT_ASSET_PATHS = "\"PureduxDemo/Resources/Preview Content\"";
				DEVELOPMENT_TEAM = ZC6RHMUG6E;
				ENABLE_PREVIEWS = YES;
				FRAMEWORK_SEARCH_PATHS = (
					"$(inherited)",
					"$(PROJECT_DIR)/PureduxDemo/Configuration/SwiftGen/swiftgen/lib",
				);
				INFOPLIST_FILE = PureduxDemo/Configuration/Info.plist;
				LD_RUNPATH_SEARCH_PATHS = (
					"$(inherited)",
					"@executable_path/Frameworks",
				);
				PRODUCT_BUNDLE_IDENTIFIER = com.kazai.PureduxDemo;
				PRODUCT_NAME = "$(TARGET_NAME)";
				SWIFT_VERSION = 5.0;
				TARGETED_DEVICE_FAMILY = "1,2";
			};
			name = Debug;
		};
		EA00C2392667E4F9001EED8D /* Release */ = {
			isa = XCBuildConfiguration;
			buildSettings = {
				ASSETCATALOG_COMPILER_APPICON_NAME = AppIcon;
				ASSETCATALOG_COMPILER_GLOBAL_ACCENT_COLOR_NAME = AccentColor;
				CODE_SIGN_STYLE = Automatic;
				DEVELOPMENT_ASSET_PATHS = "\"PureduxDemo/Resources/Preview Content\"";
				DEVELOPMENT_TEAM = ZC6RHMUG6E;
				ENABLE_PREVIEWS = YES;
				FRAMEWORK_SEARCH_PATHS = (
					"$(inherited)",
					"$(PROJECT_DIR)/PureduxDemo/Configuration/SwiftGen/swiftgen/lib",
				);
				INFOPLIST_FILE = PureduxDemo/Configuration/Info.plist;
				LD_RUNPATH_SEARCH_PATHS = (
					"$(inherited)",
					"@executable_path/Frameworks",
				);
				PRODUCT_BUNDLE_IDENTIFIER = com.kazai.PureduxDemo;
				PRODUCT_NAME = "$(TARGET_NAME)";
				SWIFT_VERSION = 5.0;
				TARGETED_DEVICE_FAMILY = "1,2";
			};
			name = Release;
		};
		EA00C23B2667E4F9001EED8D /* Debug */ = {
			isa = XCBuildConfiguration;
			buildSettings = {
				ALWAYS_EMBED_SWIFT_STANDARD_LIBRARIES = YES;
				BUNDLE_LOADER = "$(TEST_HOST)";
				CODE_SIGN_STYLE = Automatic;
				DEVELOPMENT_TEAM = ZC6RHMUG6E;
				INFOPLIST_FILE = PureduxDemoTests/Info.plist;
				IPHONEOS_DEPLOYMENT_TARGET = 14.0;
				LD_RUNPATH_SEARCH_PATHS = (
					"$(inherited)",
					"@executable_path/Frameworks",
					"@loader_path/Frameworks",
				);
				PRODUCT_BUNDLE_IDENTIFIER = com.kazai.PureduxDemoTests;
				PRODUCT_NAME = "$(TARGET_NAME)";
				SWIFT_VERSION = 5.0;
				TARGETED_DEVICE_FAMILY = "1,2";
				TEST_HOST = "$(BUILT_PRODUCTS_DIR)/PureduxDemo.app/PureduxDemo";
			};
			name = Debug;
		};
		EA00C23C2667E4F9001EED8D /* Release */ = {
			isa = XCBuildConfiguration;
			buildSettings = {
				ALWAYS_EMBED_SWIFT_STANDARD_LIBRARIES = YES;
				BUNDLE_LOADER = "$(TEST_HOST)";
				CODE_SIGN_STYLE = Automatic;
				DEVELOPMENT_TEAM = ZC6RHMUG6E;
				INFOPLIST_FILE = PureduxDemoTests/Info.plist;
				IPHONEOS_DEPLOYMENT_TARGET = 14.0;
				LD_RUNPATH_SEARCH_PATHS = (
					"$(inherited)",
					"@executable_path/Frameworks",
					"@loader_path/Frameworks",
				);
				PRODUCT_BUNDLE_IDENTIFIER = com.kazai.PureduxDemoTests;
				PRODUCT_NAME = "$(TARGET_NAME)";
				SWIFT_VERSION = 5.0;
				TARGETED_DEVICE_FAMILY = "1,2";
				TEST_HOST = "$(BUILT_PRODUCTS_DIR)/PureduxDemo.app/PureduxDemo";
			};
			name = Release;
		};
		EA00C23E2667E4F9001EED8D /* Debug */ = {
			isa = XCBuildConfiguration;
			buildSettings = {
				ALWAYS_EMBED_SWIFT_STANDARD_LIBRARIES = YES;
				CODE_SIGN_STYLE = Automatic;
				DEVELOPMENT_TEAM = ZC6RHMUG6E;
				INFOPLIST_FILE = PureduxDemoUITests/Info.plist;
				LD_RUNPATH_SEARCH_PATHS = (
					"$(inherited)",
					"@executable_path/Frameworks",
					"@loader_path/Frameworks",
				);
				PRODUCT_BUNDLE_IDENTIFIER = com.kazai.PureduxDemoUITests;
				PRODUCT_NAME = "$(TARGET_NAME)";
				SWIFT_VERSION = 5.0;
				TARGETED_DEVICE_FAMILY = "1,2";
				TEST_TARGET_NAME = PureduxDemo;
			};
			name = Debug;
		};
		EA00C23F2667E4F9001EED8D /* Release */ = {
			isa = XCBuildConfiguration;
			buildSettings = {
				ALWAYS_EMBED_SWIFT_STANDARD_LIBRARIES = YES;
				CODE_SIGN_STYLE = Automatic;
				DEVELOPMENT_TEAM = ZC6RHMUG6E;
				INFOPLIST_FILE = PureduxDemoUITests/Info.plist;
				LD_RUNPATH_SEARCH_PATHS = (
					"$(inherited)",
					"@executable_path/Frameworks",
					"@loader_path/Frameworks",
				);
				PRODUCT_BUNDLE_IDENTIFIER = com.kazai.PureduxDemoUITests;
				PRODUCT_NAME = "$(TARGET_NAME)";
				SWIFT_VERSION = 5.0;
				TARGETED_DEVICE_FAMILY = "1,2";
				TEST_TARGET_NAME = PureduxDemo;
			};
			name = Release;
		};
/* End XCBuildConfiguration section */

/* Begin XCConfigurationList section */
		EA00C2082667E4F6001EED8D /* Build configuration list for PBXProject "PureduxDemo" */ = {
			isa = XCConfigurationList;
			buildConfigurations = (
				EA00C2352667E4F9001EED8D /* Debug */,
				EA00C2362667E4F9001EED8D /* Release */,
			);
			defaultConfigurationIsVisible = 0;
			defaultConfigurationName = Release;
		};
		EA00C2372667E4F9001EED8D /* Build configuration list for PBXNativeTarget "PureduxDemo" */ = {
			isa = XCConfigurationList;
			buildConfigurations = (
				EA00C2382667E4F9001EED8D /* Debug */,
				EA00C2392667E4F9001EED8D /* Release */,
			);
			defaultConfigurationIsVisible = 0;
			defaultConfigurationName = Release;
		};
		EA00C23A2667E4F9001EED8D /* Build configuration list for PBXNativeTarget "PureduxDemoTests" */ = {
			isa = XCConfigurationList;
			buildConfigurations = (
				EA00C23B2667E4F9001EED8D /* Debug */,
				EA00C23C2667E4F9001EED8D /* Release */,
			);
			defaultConfigurationIsVisible = 0;
			defaultConfigurationName = Release;
		};
		EA00C23D2667E4F9001EED8D /* Build configuration list for PBXNativeTarget "PureduxDemoUITests" */ = {
			isa = XCConfigurationList;
			buildConfigurations = (
				EA00C23E2667E4F9001EED8D /* Debug */,
				EA00C23F2667E4F9001EED8D /* Release */,
			);
			defaultConfigurationIsVisible = 0;
			defaultConfigurationName = Release;
		};
/* End XCConfigurationList section */

/* Begin XCRemoteSwiftPackageReference section */
		EA00C2CA2667E623001EED8D /* XCRemoteSwiftPackageReference "Puredux" */ = {
			isa = XCRemoteSwiftPackageReference;
			repositoryURL = "https://github.com/KazaiMazai/Puredux.git";
			requirement = {
				branch = dev;
				kind = branch;
			};
		};
		EA00C2D02667E640001EED8D /* XCRemoteSwiftPackageReference "PureduxSwiftUI" */ = {
			isa = XCRemoteSwiftPackageReference;
			repositoryURL = "https://github.com/KazaiMazai/PureduxSwiftUI.git";
			requirement = {
				branch = dev;
				kind = branch;
			};
		};
		EAEE43822667F1C800F2C5FD /* XCRemoteSwiftPackageReference "PureduxCommonCore" */ = {
			isa = XCRemoteSwiftPackageReference;
			repositoryURL = "https://github.com/KazaiMazai/PureduxCommonCore.git";
			requirement = {
				branch = dev;
				kind = branch;
			};
		};
		EAEE43882667F64F00F2C5FD /* XCRemoteSwiftPackageReference "PureduxCommonOperators" */ = {
			isa = XCRemoteSwiftPackageReference;
			repositoryURL = "https://github.com/KazaiMazai/PureduxCommonOperators.git";
			requirement = {
				branch = dev;
				kind = branch;
			};
		};
/* End XCRemoteSwiftPackageReference section */

/* Begin XCSwiftPackageProductDependency section */
		EA00C2CB2667E623001EED8D /* Puredux */ = {
			isa = XCSwiftPackageProductDependency;
			package = EA00C2CA2667E623001EED8D /* XCRemoteSwiftPackageReference "Puredux" */;
			productName = Puredux;
		};
		EA00C2D12667E640001EED8D /* PureduxSwiftUI */ = {
			isa = XCSwiftPackageProductDependency;
			package = EA00C2D02667E640001EED8D /* XCRemoteSwiftPackageReference "PureduxSwiftUI" */;
			productName = PureduxSwiftUI;
		};
		EAEE43832667F1C800F2C5FD /* PureduxCommonCore */ = {
			isa = XCSwiftPackageProductDependency;
			package = EAEE43822667F1C800F2C5FD /* XCRemoteSwiftPackageReference "PureduxCommonCore" */;
			productName = PureduxCommonCore;
		};
		EAEE43892667F64F00F2C5FD /* PureduxCommonOperators */ = {
			isa = XCSwiftPackageProductDependency;
			package = EAEE43882667F64F00F2C5FD /* XCRemoteSwiftPackageReference "PureduxCommonOperators" */;
			productName = PureduxCommonOperators;
		};
/* End XCSwiftPackageProductDependency section */
	};
	rootObject = EA00C2052667E4F6001EED8D /* Project object */;
}
