{
  "object": {
    "pins": [
      {
        "package": "Puredux",
        "repositoryURL": "https://github.com/KazaiMazai/Puredux.git",
        "state": {
          "branch": null,
          "revision": "d47aca904dc73b55ee7110aa645144dd50b4342c",
          "version": "1.0.0-beta.2"
        }
      },
      {
        "package": "PureduxCommon",
        "repositoryURL": "https://github.com/KazaiMazai/PureduxCommon.git",
        "state": {
          "branch": null,
          "revision": "36220ddb2f220476adeb54ca48ccfb99b9559ee2",
          "version": "1.0.0-beta.2"
        }
      },
      {
        "package": "PureduxCommonCore",
        "repositoryURL": "https://github.com/KazaiMazai/PureduxCommonCore.git",
        "state": {
          "branch": null,
          "revision": "75dc3f77cfaed2f0b2ad6e3f5241f8290952f8c3",
          "version": "1.0.0-beta.2"
        }
      },
      {
        "package": "PureduxCommonOperators",
        "repositoryURL": "https://github.com/KazaiMazai/PureduxCommonOperators.git",
        "state": {
          "branch": null,
          "revision": "269ae043136c7871423f66bf40645ca9e62eeb6b",
          "version": "1.0.0-beta.2"
        }
      },
      {
        "package": "PureduxNetworkOperator",
        "repositoryURL": "https://github.com/KazaiMazai/PureduxNetworkOperator.git",
        "state": {
          "branch": null,
          "revision": "f0ade1d011260d1b3e84b2fe283961b5f1c38a9e",
          "version": "1.0.0-beta.2"
        }
      },
      {
        "package": "PureduxSideEffects",
        "repositoryURL": "https://github.com/KazaiMazai/PureduxSideEffects.git",
        "state": {
          "branch": null,
          "revision": "6abfe547066f9941dc7b6ebba716906a4280747c",
          "version": "1.0.0-beta.2"
        }
      },
      {
        "package": "PureduxStore",
        "repositoryURL": "https://github.com/KazaiMazai/PureduxStore.git",
        "state": {
          "branch": null,
          "revision": "688c077b0a0285d3e7b79b3965d78c8fed4bd561",
          "version": "1.0.0-beta.2"
        }
      },
      {
        "package": "PureduxSwiftUI",
        "repositoryURL": "https://github.com/KazaiMazai/PureduxSwiftUI.git",
        "state": {
          "branch": null,
          "revision": "186065d9c778a19de818a6b9e513a8efc9bca2fc",
          "version": "1.0.0-beta.2"
        }
      }
    ]
  },
  "version": 1
}
